// !$*UTF8*$!
{
	archiveVersion = 1;
	classes = {
	};
	objectVersion = 50;
	objects = {

/* Begin PBXBuildFile section */
		872C661825A1E9D10071120A /* main.swift in Sources */ = {isa = PBXBuildFile; fileRef = 872C661725A1E9D10071120A /* main.swift */; };
		872C662225A1F0240071120A /* Food.swift in Sources */ = {isa = PBXBuildFile; fileRef = 872C662125A1F0240071120A /* Food.swift */; };
		872C662825A1F1740071120A /* Fries.swift in Sources */ = {isa = PBXBuildFile; fileRef = 872C662725A1F1740071120A /* Fries.swift */; };
		872C662B25A1F18A0071120A /* Burger.swift in Sources */ = {isa = PBXBuildFile; fileRef = 872C662A25A1F18A0071120A /* Burger.swift */; };
		872C662E25A1F1A00071120A /* Soda.swift in Sources */ = {isa = PBXBuildFile; fileRef = 872C662D25A1F1A00071120A /* Soda.swift */; };
		872C663125A1F20C0071120A /* Receipt.swift in Sources */ = {isa = PBXBuildFile; fileRef = 872C663025A1F20C0071120A /* Receipt.swift */; };
		872C663D25A1F8310071120A /* InheritanceError.swift in Sources */ = {isa = PBXBuildFile; fileRef = 872C663C25A1F8310071120A /* InheritanceError.swift */; };
/* End PBXBuildFile section */

/* Begin PBXCopyFilesBuildPhase section */
		872C661225A1E9D10071120A /* CopyFiles */ = {
			isa = PBXCopyFilesBuildPhase;
			buildActionMask = 2147483647;
			dstPath = /usr/share/man/man1/;
			dstSubfolderSpec = 0;
			files = (
			);
			runOnlyForDeploymentPostprocessing = 1;
		};
/* End PBXCopyFilesBuildPhase section */

/* Begin PBXFileReference section */
		872C661425A1E9D10071120A /* Composite */ = {isa = PBXFileReference; explicitFileType = "compiled.mach-o.executable"; includeInIndex = 0; path = Composite; sourceTree = BUILT_PRODUCTS_DIR; };
		872C661725A1E9D10071120A /* main.swift */ = {isa = PBXFileReference; lastKnownFileType = sourcecode.swift; path = main.swift; sourceTree = "<group>"; };
		872C661F25A1E9E40071120A /* README.md */ = {isa = PBXFileReference; lastKnownFileType = net.daringfireball.markdown; path = README.md; sourceTree = "<group>"; };
		872C662125A1F0240071120A /* Food.swift */ = {isa = PBXFileReference; lastKnownFileType = sourcecode.swift; path = Food.swift; sourceTree = "<group>"; };
		872C662725A1F1740071120A /* Fries.swift */ = {isa = PBXFileReference; lastKnownFileType = sourcecode.swift; path = Fries.swift; sourceTree = "<group>"; };
		872C662A25A1F18A0071120A /* Burger.swift */ = {isa = PBXFileReference; lastKnownFileType = sourcecode.swift; path = Burger.swift; sourceTree = "<group>"; };
		872C662D25A1F1A00071120A /* Soda.swift */ = {isa = PBXFileReference; lastKnownFileType = sourcecode.swift; path = Soda.swift; sourceTree = "<group>"; };
		872C663025A1F20C0071120A /* Receipt.swift */ = {isa = PBXFileReference; lastKnownFileType = sourcecode.swift; path = Receipt.swift; sourceTree = "<group>"; };
		872C663C25A1F8310071120A /* InheritanceError.swift */ = {isa = PBXFileReference; lastKnownFileType = sourcecode.swift; path = InheritanceError.swift; sourceTree = "<group>"; };
/* End PBXFileReference section */

/* Begin PBXFrameworksBuildPhase section */
		872C661125A1E9D10071120A /* Frameworks */ = {
			isa = PBXFrameworksBuildPhase;
			buildActionMask = 2147483647;
			files = (
			);
			runOnlyForDeploymentPostprocessing = 0;
		};
/* End PBXFrameworksBuildPhase section */

/* Begin PBXGroup section */
		872C660B25A1E9D10071120A = {
			isa = PBXGroup;
			children = (
				872C661F25A1E9E40071120A /* README.md */,
				872C661625A1E9D10071120A /* Composite */,
				872C661525A1E9D10071120A /* Products */,
			);
			sourceTree = "<group>";
		};
		872C661525A1E9D10071120A /* Products */ = {
			isa = PBXGroup;
			children = (
				872C661425A1E9D10071120A /* Composite */,
			);
			name = Products;
			sourceTree = "<group>";
		};
		872C661625A1E9D10071120A /* Composite */ = {
			isa = PBXGroup;
			children = (
				872C661725A1E9D10071120A /* main.swift */,
				872C663F25A1F83D0071120A /* Composite */,
				872C663925A1F80C0071120A /* Components */,
			);
			path = Composite;
			sourceTree = "<group>";
		};
		872C663925A1F80C0071120A /* Components */ = {
			isa = PBXGroup;
			children = (
				872C662125A1F0240071120A /* Food.swift */,
				872C662725A1F1740071120A /* Fries.swift */,
				872C662A25A1F18A0071120A /* Burger.swift */,
				872C662D25A1F1A00071120A /* Soda.swift */,
				872C663C25A1F8310071120A /* InheritanceError.swift */,
			);
			path = Components;
			sourceTree = "<group>";
		};
		872C663F25A1F83D0071120A /* Composite */ = {
			isa = PBXGroup;
			children = (
				872C663025A1F20C0071120A /* Receipt.swift */,
			);
			path = Composite;
			sourceTree = "<group>";
		};
/* End PBXGroup section */

/* Begin PBXNativeTarget section */
		872C661325A1E9D10071120A /* Composite */ = {
			isa = PBXNativeTarget;
			buildConfigurationList = 872C661B25A1E9D10071120A /* Build configuration list for PBXNativeTarget "Composite" */;
			buildPhases = (
				872C661025A1E9D10071120A /* Sources */,
				872C661125A1E9D10071120A /* Frameworks */,
				872C661225A1E9D10071120A /* CopyFiles */,
			);
			buildRules = (
			);
			dependencies = (
			);
			name = Composite;
			productName = Composite;
			productReference = 872C661425A1E9D10071120A /* Composite */;
			productType = "com.apple.product-type.tool";
		};
/* End PBXNativeTarget section */

/* Begin PBXProject section */
		872C660C25A1E9D10071120A /* Project object */ = {
			isa = PBXProject;
			attributes = {
				LastSwiftUpdateCheck = 1230;
				LastUpgradeCheck = 1230;
				TargetAttributes = {
					872C661325A1E9D10071120A = {
						CreatedOnToolsVersion = 12.3;
					};
				};
			};
			buildConfigurationList = 872C660F25A1E9D10071120A /* Build configuration list for PBXProject "Composite" */;
			compatibilityVersion = "Xcode 9.3";
			developmentRegion = en;
			hasScannedForEncodings = 0;
			knownRegions = (
				en,
				Base,
			);
			mainGroup = 872C660B25A1E9D10071120A;
			productRefGroup = 872C661525A1E9D10071120A /* Products */;
			projectDirPath = "";
			projectRoot = "";
			targets = (
				872C661325A1E9D10071120A /* Composite */,
			);
		};
/* End PBXProject section */

/* Begin PBXSourcesBuildPhase section */
		872C661025A1E9D10071120A /* Sources */ = {
			isa = PBXSourcesBuildPhase;
			buildActionMask = 2147483647;
			files = (
				872C662825A1F1740071120A /* Fries.swift in Sources */,
				872C662B25A1F18A0071120A /* Burger.swift in Sources */,
				872C661825A1E9D10071120A /* main.swift in Sources */,
				872C662225A1F0240071120A /* Food.swift in Sources */,
				872C663D25A1F8310071120A /* InheritanceError.swift in Sources */,
				872C662E25A1F1A00071120A /* Soda.swift in Sources */,
				872C663125A1F20C0071120A /* Receipt.swift in Sources */,
			);
			runOnlyForDeploymentPostprocessing = 0;
		};
/* End PBXSourcesBuildPhase section */

/* Begin XCBuildConfiguration section */
		872C661925A1E9D10071120A /* Debug */ = {
			isa = XCBuildConfiguration;
			buildSettings = {
				ALWAYS_SEARCH_USER_PATHS = NO;
				CLANG_ANALYZER_NONNULL = YES;
				CLANG_ANALYZER_NUMBER_OBJECT_CONVERSION = YES_AGGRESSIVE;
				CLANG_CXX_LANGUAGE_STANDARD = "gnu++14";
				CLANG_CXX_LIBRARY = "libc++";
				CLANG_ENABLE_MODULES = YES;
				CLANG_ENABLE_OBJC_ARC = YES;
				CLANG_ENABLE_OBJC_WEAK = YES;
				CLANG_WARN_BLOCK_CAPTURE_AUTORELEASING = YES;
				CLANG_WARN_BOOL_CONVERSION = YES;
				CLANG_WARN_COMMA = YES;
				CLANG_WARN_CONSTANT_CONVERSION = YES;
				CLANG_WARN_DEPRECATED_OBJC_IMPLEMENTATIONS = YES;
				CLANG_WARN_DIRECT_OBJC_ISA_USAGE = YES_ERROR;
				CLANG_WARN_DOCUMENTATION_COMMENTS = YES;
				CLANG_WARN_EMPTY_BODY = YES;
				CLANG_WARN_ENUM_CONVERSION = YES;
				CLANG_WARN_INFINITE_RECURSION = YES;
				CLANG_WARN_INT_CONVERSION = YES;
				CLANG_WARN_NON_LITERAL_NULL_CONVERSION = YES;
				CLANG_WARN_OBJC_IMPLICIT_RETAIN_SELF = YES;
				CLANG_WARN_OBJC_LITERAL_CONVERSION = YES;
				CLANG_WARN_OBJC_ROOT_CLASS = YES_ERROR;
				CLANG_WARN_QUOTED_INCLUDE_IN_FRAMEWORK_HEADER = YES;
				CLANG_WARN_RANGE_LOOP_ANALYSIS = YES;
				CLANG_WARN_STRICT_PROTOTYPES = YES;
				CLANG_WARN_SUSPICIOUS_MOVE = YES;
				CLANG_WARN_UNGUARDED_AVAILABILITY = YES_AGGRESSIVE;
				CLANG_WARN_UNREACHABLE_CODE = YES;
				CLANG_WARN__DUPLICATE_METHOD_MATCH = YES;
				COPY_PHASE_STRIP = NO;
				DEBUG_INFORMATION_FORMAT = dwarf;
				ENABLE_STRICT_OBJC_MSGSEND = YES;
				ENABLE_TESTABILITY = YES;
				GCC_C_LANGUAGE_STANDARD = gnu11;
				GCC_DYNAMIC_NO_PIC = NO;
				GCC_NO_COMMON_BLOCKS = YES;
				GCC_OPTIMIZATION_LEVEL = 0;
				GCC_PREPROCESSOR_DEFINITIONS = (
					"DEBUG=1",
					"$(inherited)",
				);
				GCC_WARN_64_TO_32_BIT_CONVERSION = YES;
				GCC_WARN_ABOUT_RETURN_TYPE = YES_ERROR;
				GCC_WARN_UNDECLARED_SELECTOR = YES;
				GCC_WARN_UNINITIALIZED_AUTOS = YES_AGGRESSIVE;
				GCC_WARN_UNUSED_FUNCTION = YES;
				GCC_WARN_UNUSED_VARIABLE = YES;
				MACOSX_DEPLOYMENT_TARGET = 11.1;
				MTL_ENABLE_DEBUG_INFO = INCLUDE_SOURCE;
				MTL_FAST_MATH = YES;
				ONLY_ACTIVE_ARCH = YES;
				SDKROOT = macosx;
				SWIFT_ACTIVE_COMPILATION_CONDITIONS = DEBUG;
				SWIFT_OPTIMIZATION_LEVEL = "-Onone";
			};
			name = Debug;
		};
		872C661A25A1E9D10071120A /* Release */ = {
			isa = XCBuildConfiguration;
			buildSettings = {
				ALWAYS_SEARCH_USER_PATHS = NO;
				CLANG_ANALYZER_NONNULL = YES;
				CLANG_ANALYZER_NUMBER_OBJECT_CONVERSION = YES_AGGRESSIVE;
				CLANG_CXX_LANGUAGE_STANDARD = "gnu++14";
				CLANG_CXX_LIBRARY = "libc++";
				CLANG_ENABLE_MODULES = YES;
				CLANG_ENABLE_OBJC_ARC = YES;
				CLANG_ENABLE_OBJC_WEAK = YES;
				CLANG_WARN_BLOCK_CAPTURE_AUTORELEASING = YES;
				CLANG_WARN_BOOL_CONVERSION = YES;
				CLANG_WARN_COMMA = YES;
				CLANG_WARN_CONSTANT_CONVERSION = YES;
				CLANG_WARN_DEPRECATED_OBJC_IMPLEMENTATIONS = YES;
				CLANG_WARN_DIRECT_OBJC_ISA_USAGE = YES_ERROR;
				CLANG_WARN_DOCUMENTATION_COMMENTS = YES;
				CLANG_WARN_EMPTY_BODY = YES;
				CLANG_WARN_ENUM_CONVERSION = YES;
				CLANG_WARN_INFINITE_RECURSION = YES;
				CLANG_WARN_INT_CONVERSION = YES;
				CLANG_WARN_NON_LITERAL_NULL_CONVERSION = YES;
				CLANG_WARN_OBJC_IMPLICIT_RETAIN_SELF = YES;
				CLANG_WARN_OBJC_LITERAL_CONVERSION = YES;
				CLANG_WARN_OBJC_ROOT_CLASS = YES_ERROR;
				CLANG_WARN_QUOTED_INCLUDE_IN_FRAMEWORK_HEADER = YES;
				CLANG_WARN_RANGE_LOOP_ANALYSIS = YES;
				CLANG_WARN_STRICT_PROTOTYPES = YES;
				CLANG_WARN_SUSPICIOUS_MOVE = YES;
				CLANG_WARN_UNGUARDED_AVAILABILITY = YES_AGGRESSIVE;
				CLANG_WARN_UNREACHABLE_CODE = YES;
				CLANG_WARN__DUPLICATE_METHOD_MATCH = YES;
				COPY_PHASE_STRIP = NO;
				DEBUG_INFORMATION_FORMAT = "dwarf-with-dsym";
				ENABLE_NS_ASSERTIONS = NO;
				ENABLE_STRICT_OBJC_MSGSEND = YES;
				GCC_C_LANGUAGE_STANDARD = gnu11;
				GCC_NO_COMMON_BLOCKS = YES;
				GCC_WARN_64_TO_32_BIT_CONVERSION = YES;
				GCC_WARN_ABOUT_RETURN_TYPE = YES_ERROR;
				GCC_WARN_UNDECLARED_SELECTOR = YES;
				GCC_WARN_UNINITIALIZED_AUTOS = YES_AGGRESSIVE;
				GCC_WARN_UNUSED_FUNCTION = YES;
				GCC_WARN_UNUSED_VARIABLE = YES;
				MACOSX_DEPLOYMENT_TARGET = 11.1;
				MTL_ENABLE_DEBUG_INFO = NO;
				MTL_FAST_MATH = YES;
				SDKROOT = macosx;
				SWIFT_COMPILATION_MODE = wholemodule;
				SWIFT_OPTIMIZATION_LEVEL = "-O";
			};
			name = Release;
		};
		872C661C25A1E9D10071120A /* Debug */ = {
			isa = XCBuildConfiguration;
			buildSettings = {
				CODE_SIGN_STYLE = Automatic;
				PRODUCT_NAME = "$(TARGET_NAME)";
				SWIFT_VERSION = 5.0;
			};
			name = Debug;
		};
		872C661D25A1E9D10071120A /* Release */ = {
			isa = XCBuildConfiguration;
			buildSettings = {
				CODE_SIGN_STYLE = Automatic;
				PRODUCT_NAME = "$(TARGET_NAME)";
				SWIFT_VERSION = 5.0;
			};
			name = Release;
		};
/* End XCBuildConfiguration section */

/* Begin XCConfigurationList section */
		872C660F25A1E9D10071120A /* Build configuration list for PBXProject "Composite" */ = {
			isa = XCConfigurationList;
			buildConfigurations = (
				872C661925A1E9D10071120A /* Debug */,
				872C661A25A1E9D10071120A /* Release */,
			);
			defaultConfigurationIsVisible = 0;
			defaultConfigurationName = Release;
		};
		872C661B25A1E9D10071120A /* Build configuration list for PBXNativeTarget "Composite" */ = {
			isa = XCConfigurationList;
			buildConfigurations = (
				872C661C25A1E9D10071120A /* Debug */,
				872C661D25A1E9D10071120A /* Release */,
			);
			defaultConfigurationIsVisible = 0;
			defaultConfigurationName = Release;
		};
/* End XCConfigurationList section */
	};
	rootObject = 872C660C25A1E9D10071120A /* Project object */;
}
