// !$*UTF8*$!
{
	archiveVersion = 1;
	classes = {
	};
	objectVersion = 50;
	objects = {

/* Begin PBXBuildFile section */
		87F563F9259DBF2A001ECF5F /* main.swift in Sources */ = {isa = PBXBuildFile; fileRef = 87F563F8259DBF2A001ECF5F /* main.swift */; };
		87F56406259DC0AC001ECF5F /* IRobotBuilder.swift in Sources */ = {isa = PBXBuildFile; fileRef = 87F56405259DC0AC001ECF5F /* IRobotBuilder.swift */; };
		87F5640A259DC1B6001ECF5F /* IRobot.swift in Sources */ = {isa = PBXBuildFile; fileRef = 87F56409259DC1B6001ECF5F /* IRobot.swift */; };
		87F5640F259DC339001ECF5F /* ConcreteRobotBuilder.swift in Sources */ = {isa = PBXBuildFile; fileRef = 87F5640E259DC339001ECF5F /* ConcreteRobotBuilder.swift */; };
		87F56412259DC3A8001ECF5F /* ConcreteRobot.swift in Sources */ = {isa = PBXBuildFile; fileRef = 87F56411259DC3A8001ECF5F /* ConcreteRobot.swift */; };
		87F56421259DE9A7001ECF5F /* RobotDirector.swift in Sources */ = {isa = PBXBuildFile; fileRef = 87F56420259DE9A7001ECF5F /* RobotDirector.swift */; };
/* End PBXBuildFile section */

/* Begin PBXCopyFilesBuildPhase section */
		87F563F3259DBF2A001ECF5F /* CopyFiles */ = {
			isa = PBXCopyFilesBuildPhase;
			buildActionMask = 2147483647;
			dstPath = /usr/share/man/man1/;
			dstSubfolderSpec = 0;
			files = (
			);
			runOnlyForDeploymentPostprocessing = 1;
		};
/* End PBXCopyFilesBuildPhase section */

/* Begin PBXFileReference section */
		87F563F5259DBF2A001ECF5F /* Builder */ = {isa = PBXFileReference; explicitFileType = "compiled.mach-o.executable"; includeInIndex = 0; path = Builder; sourceTree = BUILT_PRODUCTS_DIR; };
		87F563F8259DBF2A001ECF5F /* main.swift */ = {isa = PBXFileReference; lastKnownFileType = sourcecode.swift; path = main.swift; sourceTree = "<group>"; };
		87F56402259DC00A001ECF5F /* README.md */ = {isa = PBXFileReference; lastKnownFileType = net.daringfireball.markdown; path = README.md; sourceTree = "<group>"; };
		87F56405259DC0AC001ECF5F /* IRobotBuilder.swift */ = {isa = PBXFileReference; lastKnownFileType = sourcecode.swift; path = IRobotBuilder.swift; sourceTree = "<group>"; };
		87F56409259DC1B6001ECF5F /* IRobot.swift */ = {isa = PBXFileReference; lastKnownFileType = sourcecode.swift; path = IRobot.swift; sourceTree = "<group>"; };
		87F5640E259DC339001ECF5F /* ConcreteRobotBuilder.swift */ = {isa = PBXFileReference; lastKnownFileType = sourcecode.swift; path = ConcreteRobotBuilder.swift; sourceTree = "<group>"; };
		87F56411259DC3A8001ECF5F /* ConcreteRobot.swift */ = {isa = PBXFileReference; lastKnownFileType = sourcecode.swift; path = ConcreteRobot.swift; sourceTree = "<group>"; };
		87F56420259DE9A7001ECF5F /* RobotDirector.swift */ = {isa = PBXFileReference; lastKnownFileType = sourcecode.swift; path = RobotDirector.swift; sourceTree = "<group>"; };
/* End PBXFileReference section */

/* Begin PBXFrameworksBuildPhase section */
		87F563F2259DBF2A001ECF5F /* Frameworks */ = {
			isa = PBXFrameworksBuildPhase;
			buildActionMask = 2147483647;
			files = (
			);
			runOnlyForDeploymentPostprocessing = 0;
		};
/* End PBXFrameworksBuildPhase section */

/* Begin PBXGroup section */
		87F563EC259DBF2A001ECF5F = {
			isa = PBXGroup;
			children = (
				87F56402259DC00A001ECF5F /* README.md */,
				87F563F7259DBF2A001ECF5F /* Builder */,
				87F563F6259DBF2A001ECF5F /* Products */,
			);
			sourceTree = "<group>";
		};
		87F563F6259DBF2A001ECF5F /* Products */ = {
			isa = PBXGroup;
			children = (
				87F563F5259DBF2A001ECF5F /* Builder */,
			);
			name = Products;
			sourceTree = "<group>";
		};
		87F563F7259DBF2A001ECF5F /* Builder */ = {
			isa = PBXGroup;
			children = (
				87F5641A259DE978001ECF5F /* Context */,
				87F5641C259DE982001ECF5F /* Concrete */,
				87F563F8259DBF2A001ECF5F /* main.swift */,
			);
			path = Builder;
			sourceTree = "<group>";
		};
		87F5641A259DE978001ECF5F /* Context */ = {
			isa = PBXGroup;
			children = (
				87F56405259DC0AC001ECF5F /* IRobotBuilder.swift */,
				87F56409259DC1B6001ECF5F /* IRobot.swift */,
			);
			path = Context;
			sourceTree = "<group>";
		};
		87F5641C259DE982001ECF5F /* Concrete */ = {
			isa = PBXGroup;
			children = (
				87F56411259DC3A8001ECF5F /* ConcreteRobot.swift */,
				87F5640E259DC339001ECF5F /* ConcreteRobotBuilder.swift */,
				87F56420259DE9A7001ECF5F /* RobotDirector.swift */,
			);
			path = Concrete;
			sourceTree = "<group>";
		};
/* End PBXGroup section */

/* Begin PBXNativeTarget section */
		87F563F4259DBF2A001ECF5F /* Builder */ = {
			isa = PBXNativeTarget;
			buildConfigurationList = 87F563FC259DBF2A001ECF5F /* Build configuration list for PBXNativeTarget "Builder" */;
			buildPhases = (
				87F563F1259DBF2A001ECF5F /* Sources */,
				87F563F2259DBF2A001ECF5F /* Frameworks */,
				87F563F3259DBF2A001ECF5F /* CopyFiles */,
			);
			buildRules = (
			);
			dependencies = (
			);
			name = Builder;
			productName = Builder;
			productReference = 87F563F5259DBF2A001ECF5F /* Builder */;
			productType = "com.apple.product-type.tool";
		};
/* End PBXNativeTarget section */

/* Begin PBXProject section */
		87F563ED259DBF2A001ECF5F /* Project object */ = {
			isa = PBXProject;
			attributes = {
				LastSwiftUpdateCheck = 1220;
				LastUpgradeCheck = 1220;
				TargetAttributes = {
					87F563F4259DBF2A001ECF5F = {
						CreatedOnToolsVersion = 12.2;
					};
				};
			};
			buildConfigurationList = 87F563F0259DBF2A001ECF5F /* Build configuration list for PBXProject "Builder" */;
			compatibilityVersion = "Xcode 9.3";
			developmentRegion = en;
			hasScannedForEncodings = 0;
			knownRegions = (
				en,
				Base,
			);
			mainGroup = 87F563EC259DBF2A001ECF5F;
			productRefGroup = 87F563F6259DBF2A001ECF5F /* Products */;
			projectDirPath = "";
			projectRoot = "";
			targets = (
				87F563F4259DBF2A001ECF5F /* Builder */,
			);
		};
/* End PBXProject section */

/* Begin PBXSourcesBuildPhase section */
		87F563F1259DBF2A001ECF5F /* Sources */ = {
			isa = PBXSourcesBuildPhase;
			buildActionMask = 2147483647;
			files = (
				87F56421259DE9A7001ECF5F /* RobotDirector.swift in Sources */,
				87F563F9259DBF2A001ECF5F /* main.swift in Sources */,
				87F5640A259DC1B6001ECF5F /* IRobot.swift in Sources */,
				87F5640F259DC339001ECF5F /* ConcreteRobotBuilder.swift in Sources */,
				87F56412259DC3A8001ECF5F /* ConcreteRobot.swift in Sources */,
				87F56406259DC0AC001ECF5F /* IRobotBuilder.swift in Sources */,
			);
			runOnlyForDeploymentPostprocessing = 0;
		};
/* End PBXSourcesBuildPhase section */

/* Begin XCBuildConfiguration section */
		87F563FA259DBF2A001ECF5F /* Debug */ = {
			isa = XCBuildConfiguration;
			buildSettings = {
				ALWAYS_SEARCH_USER_PATHS = NO;
				CLANG_ANALYZER_NONNULL = YES;
				CLANG_ANALYZER_NUMBER_OBJECT_CONVERSION = YES_AGGRESSIVE;
				CLANG_CXX_LANGUAGE_STANDARD = "gnu++14";
				CLANG_CXX_LIBRARY = "libc++";
				CLANG_ENABLE_MODULES = YES;
				CLANG_ENABLE_OBJC_ARC = YES;
				CLANG_ENABLE_OBJC_WEAK = YES;
				CLANG_WARN_BLOCK_CAPTURE_AUTORELEASING = YES;
				CLANG_WARN_BOOL_CONVERSION = YES;
				CLANG_WARN_COMMA = YES;
				CLANG_WARN_CONSTANT_CONVERSION = YES;
				CLANG_WARN_DEPRECATED_OBJC_IMPLEMENTATIONS = YES;
				CLANG_WARN_DIRECT_OBJC_ISA_USAGE = YES_ERROR;
				CLANG_WARN_DOCUMENTATION_COMMENTS = YES;
				CLANG_WARN_EMPTY_BODY = YES;
				CLANG_WARN_ENUM_CONVERSION = YES;
				CLANG_WARN_INFINITE_RECURSION = YES;
				CLANG_WARN_INT_CONVERSION = YES;
				CLANG_WARN_NON_LITERAL_NULL_CONVERSION = YES;
				CLANG_WARN_OBJC_IMPLICIT_RETAIN_SELF = YES;
				CLANG_WARN_OBJC_LITERAL_CONVERSION = YES;
				CLANG_WARN_OBJC_ROOT_CLASS = YES_ERROR;
				CLANG_WARN_QUOTED_INCLUDE_IN_FRAMEWORK_HEADER = YES;
				CLANG_WARN_RANGE_LOOP_ANALYSIS = YES;
				CLANG_WARN_STRICT_PROTOTYPES = YES;
				CLANG_WARN_SUSPICIOUS_MOVE = YES;
				CLANG_WARN_UNGUARDED_AVAILABILITY = YES_AGGRESSIVE;
				CLANG_WARN_UNREACHABLE_CODE = YES;
				CLANG_WARN__DUPLICATE_METHOD_MATCH = YES;
				COPY_PHASE_STRIP = NO;
				DEBUG_INFORMATION_FORMAT = dwarf;
				ENABLE_STRICT_OBJC_MSGSEND = YES;
				ENABLE_TESTABILITY = YES;
				GCC_C_LANGUAGE_STANDARD = gnu11;
				GCC_DYNAMIC_NO_PIC = NO;
				GCC_NO_COMMON_BLOCKS = YES;
				GCC_OPTIMIZATION_LEVEL = 0;
				GCC_PREPROCESSOR_DEFINITIONS = (
					"DEBUG=1",
					"$(inherited)",
				);
				GCC_WARN_64_TO_32_BIT_CONVERSION = YES;
				GCC_WARN_ABOUT_RETURN_TYPE = YES_ERROR;
				GCC_WARN_UNDECLARED_SELECTOR = YES;
				GCC_WARN_UNINITIALIZED_AUTOS = YES_AGGRESSIVE;
				GCC_WARN_UNUSED_FUNCTION = YES;
				GCC_WARN_UNUSED_VARIABLE = YES;
				MACOSX_DEPLOYMENT_TARGET = 11.0;
				MTL_ENABLE_DEBUG_INFO = INCLUDE_SOURCE;
				MTL_FAST_MATH = YES;
				ONLY_ACTIVE_ARCH = YES;
				SDKROOT = macosx;
				SWIFT_ACTIVE_COMPILATION_CONDITIONS = DEBUG;
				SWIFT_OPTIMIZATION_LEVEL = "-Onone";
			};
			name = Debug;
		};
		87F563FB259DBF2A001ECF5F /* Release */ = {
			isa = XCBuildConfiguration;
			buildSettings = {
				ALWAYS_SEARCH_USER_PATHS = NO;
				CLANG_ANALYZER_NONNULL = YES;
				CLANG_ANALYZER_NUMBER_OBJECT_CONVERSION = YES_AGGRESSIVE;
				CLANG_CXX_LANGUAGE_STANDARD = "gnu++14";
				CLANG_CXX_LIBRARY = "libc++";
				CLANG_ENABLE_MODULES = YES;
				CLANG_ENABLE_OBJC_ARC = YES;
				CLANG_ENABLE_OBJC_WEAK = YES;
				CLANG_WARN_BLOCK_CAPTURE_AUTORELEASING = YES;
				CLANG_WARN_BOOL_CONVERSION = YES;
				CLANG_WARN_COMMA = YES;
				CLANG_WARN_CONSTANT_CONVERSION = YES;
				CLANG_WARN_DEPRECATED_OBJC_IMPLEMENTATIONS = YES;
				CLANG_WARN_DIRECT_OBJC_ISA_USAGE = YES_ERROR;
				CLANG_WARN_DOCUMENTATION_COMMENTS = YES;
				CLANG_WARN_EMPTY_BODY = YES;
				CLANG_WARN_ENUM_CONVERSION = YES;
				CLANG_WARN_INFINITE_RECURSION = YES;
				CLANG_WARN_INT_CONVERSION = YES;
				CLANG_WARN_NON_LITERAL_NULL_CONVERSION = YES;
				CLANG_WARN_OBJC_IMPLICIT_RETAIN_SELF = YES;
				CLANG_WARN_OBJC_LITERAL_CONVERSION = YES;
				CLANG_WARN_OBJC_ROOT_CLASS = YES_ERROR;
				CLANG_WARN_QUOTED_INCLUDE_IN_FRAMEWORK_HEADER = YES;
				CLANG_WARN_RANGE_LOOP_ANALYSIS = YES;
				CLANG_WARN_STRICT_PROTOTYPES = YES;
				CLANG_WARN_SUSPICIOUS_MOVE = YES;
				CLANG_WARN_UNGUARDED_AVAILABILITY = YES_AGGRESSIVE;
				CLANG_WARN_UNREACHABLE_CODE = YES;
				CLANG_WARN__DUPLICATE_METHOD_MATCH = YES;
				COPY_PHASE_STRIP = NO;
				DEBUG_INFORMATION_FORMAT = "dwarf-with-dsym";
				ENABLE_NS_ASSERTIONS = NO;
				ENABLE_STRICT_OBJC_MSGSEND = YES;
				GCC_C_LANGUAGE_STANDARD = gnu11;
				GCC_NO_COMMON_BLOCKS = YES;
				GCC_WARN_64_TO_32_BIT_CONVERSION = YES;
				GCC_WARN_ABOUT_RETURN_TYPE = YES_ERROR;
				GCC_WARN_UNDECLARED_SELECTOR = YES;
				GCC_WARN_UNINITIALIZED_AUTOS = YES_AGGRESSIVE;
				GCC_WARN_UNUSED_FUNCTION = YES;
				GCC_WARN_UNUSED_VARIABLE = YES;
				MACOSX_DEPLOYMENT_TARGET = 11.0;
				MTL_ENABLE_DEBUG_INFO = NO;
				MTL_FAST_MATH = YES;
				SDKROOT = macosx;
				SWIFT_COMPILATION_MODE = wholemodule;
				SWIFT_OPTIMIZATION_LEVEL = "-O";
			};
			name = Release;
		};
		87F563FD259DBF2A001ECF5F /* Debug */ = {
			isa = XCBuildConfiguration;
			buildSettings = {
				CODE_SIGN_STYLE = Automatic;
				PRODUCT_NAME = "$(TARGET_NAME)";
				SWIFT_VERSION = 5.0;
			};
			name = Debug;
		};
		87F563FE259DBF2A001ECF5F /* Release */ = {
			isa = XCBuildConfiguration;
			buildSettings = {
				CODE_SIGN_STYLE = Automatic;
				PRODUCT_NAME = "$(TARGET_NAME)";
				SWIFT_VERSION = 5.0;
			};
			name = Release;
		};
/* End XCBuildConfiguration section */

/* Begin XCConfigurationList section */
		87F563F0259DBF2A001ECF5F /* Build configuration list for PBXProject "Builder" */ = {
			isa = XCConfigurationList;
			buildConfigurations = (
				87F563FA259DBF2A001ECF5F /* Debug */,
				87F563FB259DBF2A001ECF5F /* Release */,
			);
			defaultConfigurationIsVisible = 0;
			defaultConfigurationName = Release;
		};
		87F563FC259DBF2A001ECF5F /* Build configuration list for PBXNativeTarget "Builder" */ = {
			isa = XCConfigurationList;
			buildConfigurations = (
				87F563FD259DBF2A001ECF5F /* Debug */,
				87F563FE259DBF2A001ECF5F /* Release */,
			);
			defaultConfigurationIsVisible = 0;
			defaultConfigurationName = Release;
		};
/* End XCConfigurationList section */
	};
	rootObject = 87F563ED259DBF2A001ECF5F /* Project object */;
}
