// !$*UTF8*$!
{
	archiveVersion = 1;
	classes = {
	};
	objectVersion = 50;
	objects = {

/* Begin PBXBuildFile section */
		8765377825BADBB500CB0275 /* BinaryTreeIterator.swift in Sources */ = {isa = PBXBuildFile; fileRef = 8765377725BADBB500CB0275 /* BinaryTreeIterator.swift */; };
		8765378125BADCC200CB0275 /* Node.swift in Sources */ = {isa = PBXBuildFile; fileRef = 8765378025BADCC200CB0275 /* Node.swift */; };
		8765378525BADCD600CB0275 /* BinaryTree.swift in Sources */ = {isa = PBXBuildFile; fileRef = 8765378425BADCD600CB0275 /* BinaryTree.swift */; };
		8765378925BAE18B00CB0275 /* WordsCollection.swift in Sources */ = {isa = PBXBuildFile; fileRef = 8765378825BAE18B00CB0275 /* WordsCollection.swift */; };
		8765378D25BAE1CF00CB0275 /* WordsIterator.swift in Sources */ = {isa = PBXBuildFile; fileRef = 8765378C25BAE1CF00CB0275 /* WordsIterator.swift */; };
		8765379225BAE1ED00CB0275 /* NumberCollection.swift in Sources */ = {isa = PBXBuildFile; fileRef = 8765379125BAE1ED00CB0275 /* NumberCollection.swift */; };
		87E31A1425B357AB00CE5C76 /* main.swift in Sources */ = {isa = PBXBuildFile; fileRef = 87E31A1325B357AB00CE5C76 /* main.swift */; };
/* End PBXBuildFile section */

/* Begin PBXCopyFilesBuildPhase section */
		87E31A0E25B357AB00CE5C76 /* CopyFiles */ = {
			isa = PBXCopyFilesBuildPhase;
			buildActionMask = 2147483647;
			dstPath = /usr/share/man/man1/;
			dstSubfolderSpec = 0;
			files = (
			);
			runOnlyForDeploymentPostprocessing = 1;
		};
/* End PBXCopyFilesBuildPhase section */

/* Begin PBXFileReference section */
		8765377725BADBB500CB0275 /* BinaryTreeIterator.swift */ = {isa = PBXFileReference; lastKnownFileType = sourcecode.swift; path = BinaryTreeIterator.swift; sourceTree = "<group>"; };
		8765378025BADCC200CB0275 /* Node.swift */ = {isa = PBXFileReference; lastKnownFileType = sourcecode.swift; path = Node.swift; sourceTree = "<group>"; };
		8765378425BADCD600CB0275 /* BinaryTree.swift */ = {isa = PBXFileReference; lastKnownFileType = sourcecode.swift; path = BinaryTree.swift; sourceTree = "<group>"; };
		8765378825BAE18B00CB0275 /* WordsCollection.swift */ = {isa = PBXFileReference; lastKnownFileType = sourcecode.swift; path = WordsCollection.swift; sourceTree = "<group>"; };
		8765378C25BAE1CF00CB0275 /* WordsIterator.swift */ = {isa = PBXFileReference; lastKnownFileType = sourcecode.swift; path = WordsIterator.swift; sourceTree = "<group>"; };
		8765379125BAE1ED00CB0275 /* NumberCollection.swift */ = {isa = PBXFileReference; lastKnownFileType = sourcecode.swift; path = NumberCollection.swift; sourceTree = "<group>"; };
		8765379525BAE3A500CB0275 /* README.md */ = {isa = PBXFileReference; lastKnownFileType = net.daringfireball.markdown; path = README.md; sourceTree = "<group>"; };
		87E31A1025B357AB00CE5C76 /* Iterator */ = {isa = PBXFileReference; explicitFileType = "compiled.mach-o.executable"; includeInIndex = 0; path = Iterator; sourceTree = BUILT_PRODUCTS_DIR; };
		87E31A1325B357AB00CE5C76 /* main.swift */ = {isa = PBXFileReference; lastKnownFileType = sourcecode.swift; path = main.swift; sourceTree = "<group>"; };
/* End PBXFileReference section */

/* Begin PBXFrameworksBuildPhase section */
		87E31A0D25B357AB00CE5C76 /* Frameworks */ = {
			isa = PBXFrameworksBuildPhase;
			buildActionMask = 2147483647;
			files = (
			);
			runOnlyForDeploymentPostprocessing = 0;
		};
/* End PBXFrameworksBuildPhase section */

/* Begin PBXGroup section */
		8765377D25BADC6C00CB0275 /* IteratableBinaryTree */ = {
			isa = PBXGroup;
			children = (
				8765377725BADBB500CB0275 /* BinaryTreeIterator.swift */,
				8765378025BADCC200CB0275 /* Node.swift */,
				8765378425BADCD600CB0275 /* BinaryTree.swift */,
			);
			path = IteratableBinaryTree;
			sourceTree = "<group>";
		};
		8765378B25BAE19C00CB0275 /* General Example */ = {
			isa = PBXGroup;
			children = (
				8765378825BAE18B00CB0275 /* WordsCollection.swift */,
				8765378C25BAE1CF00CB0275 /* WordsIterator.swift */,
				8765379125BAE1ED00CB0275 /* NumberCollection.swift */,
			);
			path = "General Example";
			sourceTree = "<group>";
		};
		87E31A0725B357AB00CE5C76 = {
			isa = PBXGroup;
			children = (
				8765379525BAE3A500CB0275 /* README.md */,
				87E31A1225B357AB00CE5C76 /* Iterator */,
				87E31A1125B357AB00CE5C76 /* Products */,
			);
			sourceTree = "<group>";
		};
		87E31A1125B357AB00CE5C76 /* Products */ = {
			isa = PBXGroup;
			children = (
				87E31A1025B357AB00CE5C76 /* Iterator */,
			);
			name = Products;
			sourceTree = "<group>";
		};
		87E31A1225B357AB00CE5C76 /* Iterator */ = {
			isa = PBXGroup;
			children = (
				87E31A1325B357AB00CE5C76 /* main.swift */,
				8765378B25BAE19C00CB0275 /* General Example */,
				8765377D25BADC6C00CB0275 /* IteratableBinaryTree */,
			);
			path = Iterator;
			sourceTree = "<group>";
		};
/* End PBXGroup section */

/* Begin PBXNativeTarget section */
		87E31A0F25B357AB00CE5C76 /* Iterator */ = {
			isa = PBXNativeTarget;
			buildConfigurationList = 87E31A1725B357AB00CE5C76 /* Build configuration list for PBXNativeTarget "Iterator" */;
			buildPhases = (
				87E31A0C25B357AB00CE5C76 /* Sources */,
				87E31A0D25B357AB00CE5C76 /* Frameworks */,
				87E31A0E25B357AB00CE5C76 /* CopyFiles */,
			);
			buildRules = (
			);
			dependencies = (
			);
			name = Iterator;
			productName = Iterator;
			productReference = 87E31A1025B357AB00CE5C76 /* Iterator */;
			productType = "com.apple.product-type.tool";
		};
/* End PBXNativeTarget section */

/* Begin PBXProject section */
		87E31A0825B357AB00CE5C76 /* Project object */ = {
			isa = PBXProject;
			attributes = {
				LastSwiftUpdateCheck = 1230;
				LastUpgradeCheck = 1230;
				TargetAttributes = {
					87E31A0F25B357AB00CE5C76 = {
						CreatedOnToolsVersion = 12.3;
					};
				};
			};
			buildConfigurationList = 87E31A0B25B357AB00CE5C76 /* Build configuration list for PBXProject "Iterator" */;
			compatibilityVersion = "Xcode 9.3";
			developmentRegion = en;
			hasScannedForEncodings = 0;
			knownRegions = (
				en,
				Base,
			);
			mainGroup = 87E31A0725B357AB00CE5C76;
			productRefGroup = 87E31A1125B357AB00CE5C76 /* Products */;
			projectDirPath = "";
			projectRoot = "";
			targets = (
				87E31A0F25B357AB00CE5C76 /* Iterator */,
			);
		};
/* End PBXProject section */

/* Begin PBXSourcesBuildPhase section */
		87E31A0C25B357AB00CE5C76 /* Sources */ = {
			isa = PBXSourcesBuildPhase;
			buildActionMask = 2147483647;
			files = (
				8765378125BADCC200CB0275 /* Node.swift in Sources */,
				8765379225BAE1ED00CB0275 /* NumberCollection.swift in Sources */,
				8765378D25BAE1CF00CB0275 /* WordsIterator.swift in Sources */,
				8765377825BADBB500CB0275 /* BinaryTreeIterator.swift in Sources */,
				8765378525BADCD600CB0275 /* BinaryTree.swift in Sources */,
				8765378925BAE18B00CB0275 /* WordsCollection.swift in Sources */,
				87E31A1425B357AB00CE5C76 /* main.swift in Sources */,
			);
			runOnlyForDeploymentPostprocessing = 0;
		};
/* End PBXSourcesBuildPhase section */

/* Begin XCBuildConfiguration section */
		87E31A1525B357AB00CE5C76 /* Debug */ = {
			isa = XCBuildConfiguration;
			buildSettings = {
				ALWAYS_SEARCH_USER_PATHS = NO;
				CLANG_ANALYZER_NONNULL = YES;
				CLANG_ANALYZER_NUMBER_OBJECT_CONVERSION = YES_AGGRESSIVE;
				CLANG_CXX_LANGUAGE_STANDARD = "gnu++14";
				CLANG_CXX_LIBRARY = "libc++";
				CLANG_ENABLE_MODULES = YES;
				CLANG_ENABLE_OBJC_ARC = YES;
				CLANG_ENABLE_OBJC_WEAK = YES;
				CLANG_WARN_BLOCK_CAPTURE_AUTORELEASING = YES;
				CLANG_WARN_BOOL_CONVERSION = YES;
				CLANG_WARN_COMMA = YES;
				CLANG_WARN_CONSTANT_CONVERSION = YES;
				CLANG_WARN_DEPRECATED_OBJC_IMPLEMENTATIONS = YES;
				CLANG_WARN_DIRECT_OBJC_ISA_USAGE = YES_ERROR;
				CLANG_WARN_DOCUMENTATION_COMMENTS = YES;
				CLANG_WARN_EMPTY_BODY = YES;
				CLANG_WARN_ENUM_CONVERSION = YES;
				CLANG_WARN_INFINITE_RECURSION = YES;
				CLANG_WARN_INT_CONVERSION = YES;
				CLANG_WARN_NON_LITERAL_NULL_CONVERSION = YES;
				CLANG_WARN_OBJC_IMPLICIT_RETAIN_SELF = YES;
				CLANG_WARN_OBJC_LITERAL_CONVERSION = YES;
				CLANG_WARN_OBJC_ROOT_CLASS = YES_ERROR;
				CLANG_WARN_QUOTED_INCLUDE_IN_FRAMEWORK_HEADER = YES;
				CLANG_WARN_RANGE_LOOP_ANALYSIS = YES;
				CLANG_WARN_STRICT_PROTOTYPES = YES;
				CLANG_WARN_SUSPICIOUS_MOVE = YES;
				CLANG_WARN_UNGUARDED_AVAILABILITY = YES_AGGRESSIVE;
				CLANG_WARN_UNREACHABLE_CODE = YES;
				CLANG_WARN__DUPLICATE_METHOD_MATCH = YES;
				COPY_PHASE_STRIP = NO;
				DEBUG_INFORMATION_FORMAT = dwarf;
				ENABLE_STRICT_OBJC_MSGSEND = YES;
				ENABLE_TESTABILITY = YES;
				GCC_C_LANGUAGE_STANDARD = gnu11;
				GCC_DYNAMIC_NO_PIC = NO;
				GCC_NO_COMMON_BLOCKS = YES;
				GCC_OPTIMIZATION_LEVEL = 0;
				GCC_PREPROCESSOR_DEFINITIONS = (
					"DEBUG=1",
					"$(inherited)",
				);
				GCC_WARN_64_TO_32_BIT_CONVERSION = YES;
				GCC_WARN_ABOUT_RETURN_TYPE = YES_ERROR;
				GCC_WARN_UNDECLARED_SELECTOR = YES;
				GCC_WARN_UNINITIALIZED_AUTOS = YES_AGGRESSIVE;
				GCC_WARN_UNUSED_FUNCTION = YES;
				GCC_WARN_UNUSED_VARIABLE = YES;
				MACOSX_DEPLOYMENT_TARGET = 11.1;
				MTL_ENABLE_DEBUG_INFO = INCLUDE_SOURCE;
				MTL_FAST_MATH = YES;
				ONLY_ACTIVE_ARCH = YES;
				SDKROOT = macosx;
				SWIFT_ACTIVE_COMPILATION_CONDITIONS = DEBUG;
				SWIFT_OPTIMIZATION_LEVEL = "-Onone";
			};
			name = Debug;
		};
		87E31A1625B357AB00CE5C76 /* Release */ = {
			isa = XCBuildConfiguration;
			buildSettings = {
				ALWAYS_SEARCH_USER_PATHS = NO;
				CLANG_ANALYZER_NONNULL = YES;
				CLANG_ANALYZER_NUMBER_OBJECT_CONVERSION = YES_AGGRESSIVE;
				CLANG_CXX_LANGUAGE_STANDARD = "gnu++14";
				CLANG_CXX_LIBRARY = "libc++";
				CLANG_ENABLE_MODULES = YES;
				CLANG_ENABLE_OBJC_ARC = YES;
				CLANG_ENABLE_OBJC_WEAK = YES;
				CLANG_WARN_BLOCK_CAPTURE_AUTORELEASING = YES;
				CLANG_WARN_BOOL_CONVERSION = YES;
				CLANG_WARN_COMMA = YES;
				CLANG_WARN_CONSTANT_CONVERSION = YES;
				CLANG_WARN_DEPRECATED_OBJC_IMPLEMENTATIONS = YES;
				CLANG_WARN_DIRECT_OBJC_ISA_USAGE = YES_ERROR;
				CLANG_WARN_DOCUMENTATION_COMMENTS = YES;
				CLANG_WARN_EMPTY_BODY = YES;
				CLANG_WARN_ENUM_CONVERSION = YES;
				CLANG_WARN_INFINITE_RECURSION = YES;
				CLANG_WARN_INT_CONVERSION = YES;
				CLANG_WARN_NON_LITERAL_NULL_CONVERSION = YES;
				CLANG_WARN_OBJC_IMPLICIT_RETAIN_SELF = YES;
				CLANG_WARN_OBJC_LITERAL_CONVERSION = YES;
				CLANG_WARN_OBJC_ROOT_CLASS = YES_ERROR;
				CLANG_WARN_QUOTED_INCLUDE_IN_FRAMEWORK_HEADER = YES;
				CLANG_WARN_RANGE_LOOP_ANALYSIS = YES;
				CLANG_WARN_STRICT_PROTOTYPES = YES;
				CLANG_WARN_SUSPICIOUS_MOVE = YES;
				CLANG_WARN_UNGUARDED_AVAILABILITY = YES_AGGRESSIVE;
				CLANG_WARN_UNREACHABLE_CODE = YES;
				CLANG_WARN__DUPLICATE_METHOD_MATCH = YES;
				COPY_PHASE_STRIP = NO;
				DEBUG_INFORMATION_FORMAT = "dwarf-with-dsym";
				ENABLE_NS_ASSERTIONS = NO;
				ENABLE_STRICT_OBJC_MSGSEND = YES;
				GCC_C_LANGUAGE_STANDARD = gnu11;
				GCC_NO_COMMON_BLOCKS = YES;
				GCC_WARN_64_TO_32_BIT_CONVERSION = YES;
				GCC_WARN_ABOUT_RETURN_TYPE = YES_ERROR;
				GCC_WARN_UNDECLARED_SELECTOR = YES;
				GCC_WARN_UNINITIALIZED_AUTOS = YES_AGGRESSIVE;
				GCC_WARN_UNUSED_FUNCTION = YES;
				GCC_WARN_UNUSED_VARIABLE = YES;
				MACOSX_DEPLOYMENT_TARGET = 11.1;
				MTL_ENABLE_DEBUG_INFO = NO;
				MTL_FAST_MATH = YES;
				SDKROOT = macosx;
				SWIFT_COMPILATION_MODE = wholemodule;
				SWIFT_OPTIMIZATION_LEVEL = "-O";
			};
			name = Release;
		};
		87E31A1825B357AB00CE5C76 /* Debug */ = {
			isa = XCBuildConfiguration;
			buildSettings = {
				CODE_SIGN_STYLE = Automatic;
				PRODUCT_NAME = "$(TARGET_NAME)";
				SWIFT_VERSION = 5.0;
			};
			name = Debug;
		};
		87E31A1925B357AB00CE5C76 /* Release */ = {
			isa = XCBuildConfiguration;
			buildSettings = {
				CODE_SIGN_STYLE = Automatic;
				PRODUCT_NAME = "$(TARGET_NAME)";
				SWIFT_VERSION = 5.0;
			};
			name = Release;
		};
/* End XCBuildConfiguration section */

/* Begin XCConfigurationList section */
		87E31A0B25B357AB00CE5C76 /* Build configuration list for PBXProject "Iterator" */ = {
			isa = XCConfigurationList;
			buildConfigurations = (
				87E31A1525B357AB00CE5C76 /* Debug */,
				87E31A1625B357AB00CE5C76 /* Release */,
			);
			defaultConfigurationIsVisible = 0;
			defaultConfigurationName = Release;
		};
		87E31A1725B357AB00CE5C76 /* Build configuration list for PBXNativeTarget "Iterator" */ = {
			isa = XCConfigurationList;
			buildConfigurations = (
				87E31A1825B357AB00CE5C76 /* Debug */,
				87E31A1925B357AB00CE5C76 /* Release */,
			);
			defaultConfigurationIsVisible = 0;
			defaultConfigurationName = Release;
		};
/* End XCConfigurationList section */
	};
	rootObject = 87E31A0825B357AB00CE5C76 /* Project object */;
}
